Microsoft Visual Studio Solution File, Format Version 12.00
# Visual Studio Version 17
VisualStudioVersion = 17.0.31903.59
MinimumVisualStudioVersion = 10.0.40219.1
Project("{FAE04EC0-301F-11D3-BF4B-00C04F79EFBC}") = "Ladna.BattleMeter", "Ladna.BattleMeter\Ladna.BattleMeter.csproj", "{C95A9532-A206-47C1-B999-CDE938640EFE}"
EndProject
Project("{FAE04EC0-301F-11D3-BF4B-00C04F79EFBC}") = "Ladna.BattleMeter.Tests", "Ladna.BattleMeter.Tests\Ladna.BattleMeter.Tests.csproj", "{D9E66B09-6680-40B4-A3A3-DC010692EC5A}"
EndProject
Global
	GlobalSection(SolutionConfigurationPlatforms) = preSolution
		Debug|Any CPU = Debug|Any CPU
		Release|Any CPU = Release|Any CPU
	EndGlobalSection
	GlobalSection(ProjectConfigurationPlatforms) = postSolution
		{C95A9532-A206-47C1-B999-CDE938640EFE}.Debug|Any CPU.ActiveCfg = Debug|Any CPU
		{C95A9532-A206-47C1-B999-CDE938640EFE}.Debug|Any CPU.Build.0 = Debug|Any CPU
		{C95A9532-A206-47C1-B999-CDE938640EFE}.Release|Any CPU.ActiveCfg = Release|Any CPU
		{C95A9532-A206-47C1-B999-CDE938640EFE}.Release|Any CPU.Build.0 = Release|Any CPU
		{D9E66B09-6680-40B4-A3A3-DC010692EC5A}.Debug|Any CPU.ActiveCfg = Debug|Any CPU
		{D9E66B09-6680-40B4-A3A3-DC010692EC5A}.Debug|Any CPU.Build.0 = Debug|Any CPU
		{D9E66B09-6680-40B4-A3A3-DC010692EC5A}.Release|Any CPU.ActiveCfg = Release|Any CPU
		{D9E66B09-6680-40B4-A3A3-DC010692EC5A}.Release|Any CPU.Build.0 = Release|Any CPU
	EndGlobalSection
EndGlobal
